
Microsoft Visual Studio Solution File, Format Version 12.00
# Visual Studio Version 18
VisualStudioVersion = 18.0.11222.15
MinimumVisualStudioVersion = 10.0.40219.1
Project("{FAE04EC0-301F-11D3-BF4B-00C04F79EFBC}") = "TiendaInspireAppHost", "TiendaInspireAppHost\TiendaInspireAppHost.csproj", "{0E80659F-3AC4-4DDB-9CBE-79D29D89E990}"
EndProject
Project("{FAE04EC0-301F-11D3-BF4B-00C04F79EFBC}") = "TiendaInspireIdentity", "TiendaInspireIdentity\TiendaInspireIdentity.csproj", "{4E9714C6-3E86-4BE8-8C49-200C0CF8596C}"
EndProject
Project("{FAE04EC0-301F-11D3-BF4B-00C04F79EFBC}") = "TiendaInspire.ServiceDefaults", "TiendaInspire.ServiceDefaults\TiendaInspire.ServiceDefaults.csproj", "{60113DC2-B656-4FA5-9770-7C2060B56B36}"
EndProject
Project("{FAE04EC0-301F-11D3-BF4B-00C04F79EFBC}") = "TiendaAspire.ApiGateway", "TiendaAspire.ApiGateway\TiendaAspire.ApiGateway.csproj", "{569E5A42-2351-A253-3F91-752392CF1C4F}"
EndProject
Project("{2150E333-8FDC-42A3-9474-1A3956D46DE8}") = "Elementos", "Elementos", "{02EA681E-C7D8-13C7-8484-4AC65E1B71E8}"
	ProjectSection(SolutionItems) = preProject
		Directory.Packages.props = Directory.Packages.props
	EndProjectSection
EndProject
Project("{FAE04EC0-301F-11D3-BF4B-00C04F79EFBC}") = "TiendaInspire.Shared", "TiendaInspire.Shared\TiendaInspire.Shared.csproj", "{DA7ED095-6922-44E4-96BF-FA096EA8680E}"
EndProject
Project("{FAE04EC0-301F-11D3-BF4B-00C04F79EFBC}") = "TiendInspire.Notificaciones", "TiendInspire.Notificaciones\TiendInspire.Notificaciones.csproj", "{EC6E1EE6-E7E1-C8E9-1F72-B44EFCEA93F4}"
EndProject
Project("{FAE04EC0-301F-11D3-BF4B-00C04F79EFBC}") = "TiendaInspire.Catalog", "TiendaInspire.Catalog\TiendaInspire.Catalog.csproj", "{03AEA638-5269-185D-7FB1-EF35E9ED361F}"
EndProject
Project("{FAE04EC0-301F-11D3-BF4B-00C04F79EFBC}") = "TiendaInspire.Orders", "TiendaInspire.Orders\TiendaInspire.Orders.csproj", "{1806D831-439C-C21E-D05B-6D73A4A02FD7}"
EndProject
Project("{FAE04EC0-301F-11D3-BF4B-00C04F79EFBC}") = "Tienda_Inspire.Identity.Tests", "Tienda_Inspire.Identity.Tests\Tienda_Inspire.Identity.Tests.csproj", "{24A0E99D-2815-4AE0-9203-27D0F002FFB5}"
EndProject
Global
	GlobalSection(SolutionConfigurationPlatforms) = preSolution
		Debug|Any CPU = Debug|Any CPU
		Release|Any CPU = Release|Any CPU
	EndGlobalSection
	GlobalSection(ProjectConfigurationPlatforms) = postSolution
		{0E80659F-3AC4-4DDB-9CBE-79D29D89E990}.Debug|Any CPU.ActiveCfg = Debug|Any CPU
		{0E80659F-3AC4-4DDB-9CBE-79D29D89E990}.Debug|Any CPU.Build.0 = Debug|Any CPU
		{0E80659F-3AC4-4DDB-9CBE-79D29D89E990}.Release|Any CPU.ActiveCfg = Release|Any CPU
		{0E80659F-3AC4-4DDB-9CBE-79D29D89E990}.Release|Any CPU.Build.0 = Release|Any CPU
		{4E9714C6-3E86-4BE8-8C49-200C0CF8596C}.Debug|Any CPU.ActiveCfg = Debug|Any CPU
		{4E9714C6-3E86-4BE8-8C49-200C0CF8596C}.Debug|Any CPU.Build.0 = Debug|Any CPU
		{4E9714C6-3E86-4BE8-8C49-200C0CF8596C}.Release|Any CPU.ActiveCfg = Release|Any CPU
		{4E9714C6-3E86-4BE8-8C49-200C0CF8596C}.Release|Any CPU.Build.0 = Release|Any CPU
		{60113DC2-B656-4FA5-9770-7C2060B56B36}.Debug|Any CPU.ActiveCfg = Debug|Any CPU
		{60113DC2-B656-4FA5-9770-7C2060B56B36}.Debug|Any CPU.Build.0 = Debug|Any CPU
		{60113DC2-B656-4FA5-9770-7C2060B56B36}.Release|Any CPU.ActiveCfg = Release|Any CPU
		{60113DC2-B656-4FA5-9770-7C2060B56B36}.Release|Any CPU.Build.0 = Release|Any CPU
		{569E5A42-2351-A253-3F91-752392CF1C4F}.Debug|Any CPU.ActiveCfg = Debug|Any CPU
		{569E5A42-2351-A253-3F91-752392CF1C4F}.Debug|Any CPU.Build.0 = Debug|Any CPU
		{569E5A42-2351-A253-3F91-752392CF1C4F}.Release|Any CPU.ActiveCfg = Release|Any CPU
		{569E5A42-2351-A253-3F91-752392CF1C4F}.Release|Any CPU.Build.0 = Release|Any CPU
		{DA7ED095-6922-44E4-96BF-FA096EA8680E}.Debug|Any CPU.ActiveCfg = Debug|Any CPU
		{DA7ED095-6922-44E4-96BF-FA096EA8680E}.Debug|Any CPU.Build.0 = Debug|Any CPU
		{DA7ED095-6922-44E4-96BF-FA096EA8680E}.Release|Any CPU.ActiveCfg = Release|Any CPU
		{DA7ED095-6922-44E4-96BF-FA096EA8680E}.Release|Any CPU.Build.0 = Release|Any CPU
		{EC6E1EE6-E7E1-C8E9-1F72-B44EFCEA93F4}.Debug|Any CPU.ActiveCfg = Debug|Any CPU
		{EC6E1EE6-E7E1-C8E9-1F72-B44EFCEA93F4}.Debug|Any CPU.Build.0 = Debug|Any CPU
		{EC6E1EE6-E7E1-C8E9-1F72-B44EFCEA93F4}.Release|Any CPU.ActiveCfg = Release|Any CPU
		{EC6E1EE6-E7E1-C8E9-1F72-B44EFCEA93F4}.Release|Any CPU.Build.0 = Release|Any CPU
		{03AEA638-5269-185D-7FB1-EF35E9ED361F}.Debug|Any CPU.ActiveCfg = Debug|Any CPU
		{03AEA638-5269-185D-7FB1-EF35E9ED361F}.Debug|Any CPU.Build.0 = Debug|Any CPU
		{03AEA638-5269-185D-7FB1-EF35E9ED361F}.Release|Any CPU.ActiveCfg = Release|Any CPU
		{03AEA638-5269-185D-7FB1-EF35E9ED361F}.Release|Any CPU.Build.0 = Release|Any CPU
		{1806D831-439C-C21E-D05B-6D73A4A02FD7}.Debug|Any CPU.ActiveCfg = Debug|Any CPU
		{1806D831-439C-C21E-D05B-6D73A4A02FD7}.Debug|Any CPU.Build.0 = Debug|Any CPU
		{1806D831-439C-C21E-D05B-6D73A4A02FD7}.Release|Any CPU.ActiveCfg = Release|Any CPU
		{1806D831-439C-C21E-D05B-6D73A4A02FD7}.Release|Any CPU.Build.0 = Release|Any CPU
		{24A0E99D-2815-4AE0-9203-27D0F002FFB5}.Debug|Any CPU.ActiveCfg = Debug|Any CPU
		{24A0E99D-2815-4AE0-9203-27D0F002FFB5}.Debug|Any CPU.Build.0 = Debug|Any CPU
		{24A0E99D-2815-4AE0-9203-27D0F002FFB5}.Release|Any CPU.ActiveCfg = Release|Any CPU
		{24A0E99D-2815-4AE0-9203-27D0F002FFB5}.Release|Any CPU.Build.0 = Release|Any CPU
	EndGlobalSection
	GlobalSection(SolutionProperties) = preSolution
		HideSolutionNode = FALSE
	EndGlobalSection
	GlobalSection(ExtensibilityGlobals) = postSolution
		SolutionGuid = {5E3B0240-ED75-49B7-AB16-AB799A81BFE4}
	EndGlobalSection
EndGlobal
